
Microsoft Visual Studio Solution File, Format Version 12.00
# Visual Studio Version 17
VisualStudioVersion = 17.7.34221.43
MinimumVisualStudioVersion = 10.0.40219.1
Project("{9A19103F-16F7-4668-BE54-9A1E7A4F7556}") = "Telegram Bot", "Telegram Bot\Telegram Bot.csproj", "{149BA398-1A3F-43E5-9237-2B44C155B07B}"
EndProject
Project("{2150E333-8FDC-42A3-9474-1A3956D46DE8}") = "Solution Items", "Solution Items", "{E6A979EA-8DD4-4DC7-B184-3C1BFB830797}"
	ProjectSection(SolutionItems) = preProject
		.editorconfig = .editorconfig
		Members Record.txt = Members Record.txt
	EndProjectSection
EndProject
Global
	GlobalSection(SolutionConfigurationPlatforms) = preSolution
		Debug|Any CPU = Debug|Any CPU
		Release|Any CPU = Release|Any CPU
	EndGlobalSection
	GlobalSection(ProjectConfigurationPlatforms) = postSolution
		{149BA398-1A3F-43E5-9237-2B44C155B07B}.Debug|Any CPU.ActiveCfg = Debug|Any CPU
		{149BA398-1A3F-43E5-9237-2B44C155B07B}.Debug|Any CPU.Build.0 = Debug|Any CPU
		{149BA398-1A3F-43E5-9237-2B44C155B07B}.Release|Any CPU.ActiveCfg = Release|Any CPU
		{149BA398-1A3F-43E5-9237-2B44C155B07B}.Release|Any CPU.Build.0 = Release|Any CPU
	EndGlobalSection
	GlobalSection(SolutionProperties) = preSolution
		HideSolutionNode = FALSE
	EndGlobalSection
	GlobalSection(ExtensibilityGlobals) = postSolution
		SolutionGuid = {4EC43118-5A3B-4AC0-9CA2-A8B8E85759FE}
	EndGlobalSection
EndGlobal
